
Microsoft Visual Studio Solution File, Format Version 12.00
# Visual Studio 15
VisualStudioVersion = 15.0.28307.902
MinimumVisualStudioVersion = 10.0.40219.1
Project("{FAE04EC0-301F-11D3-BF4B-00C04F79EFBC}") = "MyShows", "MyShows\MyShows.csproj", "{C4870AC5-9457-44E3-A797-0230C26B3121}"
EndProject
Global
	GlobalSection(SolutionConfigurationPlatforms) = preSolution
		Debug|Any CPU = Debug|Any CPU
		Release|Any CPU = Release|Any CPU
	EndGlobalSection
	GlobalSection(ProjectConfigurationPlatforms) = postSolution
		{C4870AC5-9457-44E3-A797-0230C26B3121}.Debug|Any CPU.ActiveCfg = Debug|Any CPU
		{C4870AC5-9457-44E3-A797-0230C26B3121}.Debug|Any CPU.Build.0 = Debug|Any CPU
		{C4870AC5-9457-44E3-A797-0230C26B3121}.Release|Any CPU.ActiveCfg = Release|Any CPU
		{C4870AC5-9457-44E3-A797-0230C26B3121}.Release|Any CPU.Build.0 = Release|Any CPU
	EndGlobalSection
	GlobalSection(SolutionProperties) = preSolution
		HideSolutionNode = FALSE
	EndGlobalSection
	GlobalSection(ExtensibilityGlobals) = postSolution
		SolutionGuid = {A95004AE-37CF-4969-9C16-C3D2D519DB0A}
	EndGlobalSection
EndGlobal
